
Microsoft Visual Studio Solution File, Format Version 12.00
# Visual Studio 15
VisualStudioVersion = 15.0.28010.2050
MinimumVisualStudioVersion = 10.0.40219.1
Project("{FAE04EC0-301F-11D3-BF4B-00C04F79EFBC}") = "project_1", "project_1\project_1.csproj", "{CBEF4702-55EC-4902-B1E9-FA3F542BF602}"
EndProject
Global
	GlobalSection(SolutionConfigurationPlatforms) = preSolution
		Debug|Any CPU = Debug|Any CPU
		Release|Any CPU = Release|Any CPU
	EndGlobalSection
	GlobalSection(ProjectConfigurationPlatforms) = postSolution
		{CBEF4702-55EC-4902-B1E9-FA3F542BF602}.Debug|Any CPU.ActiveCfg = Debug|Any CPU
		{CBEF4702-55EC-4902-B1E9-FA3F542BF602}.Debug|Any CPU.Build.0 = Debug|Any CPU
		{CBEF4702-55EC-4902-B1E9-FA3F542BF602}.Release|Any CPU.ActiveCfg = Release|Any CPU
		{CBEF4702-55EC-4902-B1E9-FA3F542BF602}.Release|Any CPU.Build.0 = Release|Any CPU
	EndGlobalSection
	GlobalSection(SolutionProperties) = preSolution
		HideSolutionNode = FALSE
	EndGlobalSection
	GlobalSection(ExtensibilityGlobals) = postSolution
		SolutionGuid = {113B1585-5E84-4A33-8DE3-E72333661760}
	EndGlobalSection
EndGlobal
