
Microsoft Visual Studio Solution File, Format Version 12.00
# Visual Studio 15
VisualStudioVersion = 15.0.28010.2050
MinimumVisualStudioVersion = 10.0.40219.1
Project("{FAE04EC0-301F-11D3-BF4B-00C04F79EFBC}") = "square_area", "chetene_i_pechatane_v_konzolata\square_area.csproj", "{64D43E52-6568-40FF-A961-791C4DA57BF3}"
EndProject
Project("{FAE04EC0-301F-11D3-BF4B-00C04F79EFBC}") = "inches_to_cm", "inches_to_cm\inches_to_cm.csproj", "{DD4D8635-BD84-4F39-B2F9-9BFA1199FF93}"
EndProject
Project("{FAE04EC0-301F-11D3-BF4B-00C04F79EFBC}") = "Greetings", "Greetings\Greetings.csproj", "{9B76872D-334A-4DFA-9E98-93BEF9A22999}"
EndProject
Project("{FAE04EC0-301F-11D3-BF4B-00C04F79EFBC}") = "6_ex_text_and_numbers", "6_ex_text_and_numbers\6_ex_text_and_numbers.csproj", "{3D09DBEC-E42E-447D-981E-4CE26D1331B1}"
EndProject
Project("{FAE04EC0-301F-11D3-BF4B-00C04F79EFBC}") = "reshavane_na_zadachi", "reshavane_na_zadachi\reshavane_na_zadachi.csproj", "{DD2D0114-0575-4B6D-9A4C-EFC5E77B81CE}"
EndProject
Global
	GlobalSection(SolutionConfigurationPlatforms) = preSolution
		Debug|Any CPU = Debug|Any CPU
		Release|Any CPU = Release|Any CPU
	EndGlobalSection
	GlobalSection(ProjectConfigurationPlatforms) = postSolution
		{64D43E52-6568-40FF-A961-791C4DA57BF3}.Debug|Any CPU.ActiveCfg = Debug|Any CPU
		{64D43E52-6568-40FF-A961-791C4DA57BF3}.Debug|Any CPU.Build.0 = Debug|Any CPU
		{64D43E52-6568-40FF-A961-791C4DA57BF3}.Release|Any CPU.ActiveCfg = Release|Any CPU
		{64D43E52-6568-40FF-A961-791C4DA57BF3}.Release|Any CPU.Build.0 = Release|Any CPU
		{DD4D8635-BD84-4F39-B2F9-9BFA1199FF93}.Debug|Any CPU.ActiveCfg = Debug|Any CPU
		{DD4D8635-BD84-4F39-B2F9-9BFA1199FF93}.Debug|Any CPU.Build.0 = Debug|Any CPU
		{DD4D8635-BD84-4F39-B2F9-9BFA1199FF93}.Release|Any CPU.ActiveCfg = Release|Any CPU
		{DD4D8635-BD84-4F39-B2F9-9BFA1199FF93}.Release|Any CPU.Build.0 = Release|Any CPU
		{9B76872D-334A-4DFA-9E98-93BEF9A22999}.Debug|Any CPU.ActiveCfg = Debug|Any CPU
		{9B76872D-334A-4DFA-9E98-93BEF9A22999}.Debug|Any CPU.Build.0 = Debug|Any CPU
		{9B76872D-334A-4DFA-9E98-93BEF9A22999}.Release|Any CPU.ActiveCfg = Release|Any CPU
		{9B76872D-334A-4DFA-9E98-93BEF9A22999}.Release|Any CPU.Build.0 = Release|Any CPU
		{3D09DBEC-E42E-447D-981E-4CE26D1331B1}.Debug|Any CPU.ActiveCfg = Debug|Any CPU
		{3D09DBEC-E42E-447D-981E-4CE26D1331B1}.Debug|Any CPU.Build.0 = Debug|Any CPU
		{3D09DBEC-E42E-447D-981E-4CE26D1331B1}.Release|Any CPU.ActiveCfg = Release|Any CPU
		{3D09DBEC-E42E-447D-981E-4CE26D1331B1}.Release|Any CPU.Build.0 = Release|Any CPU
		{DD2D0114-0575-4B6D-9A4C-EFC5E77B81CE}.Debug|Any CPU.ActiveCfg = Debug|Any CPU
		{DD2D0114-0575-4B6D-9A4C-EFC5E77B81CE}.Debug|Any CPU.Build.0 = Debug|Any CPU
		{DD2D0114-0575-4B6D-9A4C-EFC5E77B81CE}.Release|Any CPU.ActiveCfg = Release|Any CPU
		{DD2D0114-0575-4B6D-9A4C-EFC5E77B81CE}.Release|Any CPU.Build.0 = Release|Any CPU
	EndGlobalSection
	GlobalSection(SolutionProperties) = preSolution
		HideSolutionNode = FALSE
	EndGlobalSection
	GlobalSection(ExtensibilityGlobals) = postSolution
		SolutionGuid = {EED26EE5-A6CA-45E5-80A3-F5794583A0D6}
	EndGlobalSection
EndGlobal
