
Microsoft Visual Studio Solution File, Format Version 12.00
# Visual Studio 15
VisualStudioVersion = 15.0.28010.2050
MinimumVisualStudioVersion = 10.0.40219.1
Project("{FAE04EC0-301F-11D3-BF4B-00C04F79EFBC}") = "project1", "project1\project1.csproj", "{7905EA2F-D5FC-4CFC-8B08-8C0F1A1C4665}"
EndProject
Project("{FAE04EC0-301F-11D3-BF4B-00C04F79EFBC}") = "zad2", "zad2\zad2.csproj", "{12277037-B16C-4316-9352-4E876EE625CE}"
EndProject
Project("{FAE04EC0-301F-11D3-BF4B-00C04F79EFBC}") = "zadacha3", "zadacha3\zadacha3.csproj", "{8692EF0B-832C-4A64-BB60-CD6314A04512}"
EndProject
Project("{FAE04EC0-301F-11D3-BF4B-00C04F79EFBC}") = "zadacha4", "zadacha4\zadacha4.csproj", "{46FDA92D-15D5-4219-BC41-F006ECF7B13C}"
EndProject
Project("{FAE04EC0-301F-11D3-BF4B-00C04F79EFBC}") = "zadacha5", "zadacha5\zadacha5.csproj", "{B06240D8-0742-40C1-826C-A7095DB8BE19}"
EndProject
Global
	GlobalSection(SolutionConfigurationPlatforms) = preSolution
		Debug|Any CPU = Debug|Any CPU
		Release|Any CPU = Release|Any CPU
	EndGlobalSection
	GlobalSection(ProjectConfigurationPlatforms) = postSolution
		{7905EA2F-D5FC-4CFC-8B08-8C0F1A1C4665}.Debug|Any CPU.ActiveCfg = Debug|Any CPU
		{7905EA2F-D5FC-4CFC-8B08-8C0F1A1C4665}.Debug|Any CPU.Build.0 = Debug|Any CPU
		{7905EA2F-D5FC-4CFC-8B08-8C0F1A1C4665}.Release|Any CPU.ActiveCfg = Release|Any CPU
		{7905EA2F-D5FC-4CFC-8B08-8C0F1A1C4665}.Release|Any CPU.Build.0 = Release|Any CPU
		{12277037-B16C-4316-9352-4E876EE625CE}.Debug|Any CPU.ActiveCfg = Debug|Any CPU
		{12277037-B16C-4316-9352-4E876EE625CE}.Debug|Any CPU.Build.0 = Debug|Any CPU
		{12277037-B16C-4316-9352-4E876EE625CE}.Release|Any CPU.ActiveCfg = Release|Any CPU
		{12277037-B16C-4316-9352-4E876EE625CE}.Release|Any CPU.Build.0 = Release|Any CPU
		{8692EF0B-832C-4A64-BB60-CD6314A04512}.Debug|Any CPU.ActiveCfg = Debug|Any CPU
		{8692EF0B-832C-4A64-BB60-CD6314A04512}.Debug|Any CPU.Build.0 = Debug|Any CPU
		{8692EF0B-832C-4A64-BB60-CD6314A04512}.Release|Any CPU.ActiveCfg = Release|Any CPU
		{8692EF0B-832C-4A64-BB60-CD6314A04512}.Release|Any CPU.Build.0 = Release|Any CPU
		{46FDA92D-15D5-4219-BC41-F006ECF7B13C}.Debug|Any CPU.ActiveCfg = Debug|Any CPU
		{46FDA92D-15D5-4219-BC41-F006ECF7B13C}.Debug|Any CPU.Build.0 = Debug|Any CPU
		{46FDA92D-15D5-4219-BC41-F006ECF7B13C}.Release|Any CPU.ActiveCfg = Release|Any CPU
		{46FDA92D-15D5-4219-BC41-F006ECF7B13C}.Release|Any CPU.Build.0 = Release|Any CPU
		{B06240D8-0742-40C1-826C-A7095DB8BE19}.Debug|Any CPU.ActiveCfg = Debug|Any CPU
		{B06240D8-0742-40C1-826C-A7095DB8BE19}.Debug|Any CPU.Build.0 = Debug|Any CPU
		{B06240D8-0742-40C1-826C-A7095DB8BE19}.Release|Any CPU.ActiveCfg = Release|Any CPU
		{B06240D8-0742-40C1-826C-A7095DB8BE19}.Release|Any CPU.Build.0 = Release|Any CPU
	EndGlobalSection
	GlobalSection(SolutionProperties) = preSolution
		HideSolutionNode = FALSE
	EndGlobalSection
	GlobalSection(ExtensibilityGlobals) = postSolution
		SolutionGuid = {147A1E3C-AD50-4F65-A416-18A2D65C3D93}
	EndGlobalSection
EndGlobal
